
Microsoft Visual Studio Solution File, Format Version 12.00
# Visual Studio Version 16
VisualStudioVersion = 16.0.31019.35
MinimumVisualStudioVersion = 10.0.40219.1
Project("{FAE04EC0-301F-11D3-BF4B-00C04F79EFBC}") = "interciclolituma", "interciclolituma.csproj", "{DA600F6F-6075-48D7-B9E5-142851B80343}"
EndProject
Global
	GlobalSection(SolutionConfigurationPlatforms) = preSolution
		Debug|Any CPU = Debug|Any CPU
		Release|Any CPU = Release|Any CPU
	EndGlobalSection
	GlobalSection(ProjectConfigurationPlatforms) = postSolution
		{DA600F6F-6075-48D7-B9E5-142851B80343}.Debug|Any CPU.ActiveCfg = Debug|Any CPU
		{DA600F6F-6075-48D7-B9E5-142851B80343}.Debug|Any CPU.Build.0 = Debug|Any CPU
		{DA600F6F-6075-48D7-B9E5-142851B80343}.Release|Any CPU.ActiveCfg = Release|Any CPU
		{DA600F6F-6075-48D7-B9E5-142851B80343}.Release|Any CPU.Build.0 = Release|Any CPU
	EndGlobalSection
	GlobalSection(SolutionProperties) = preSolution
		HideSolutionNode = FALSE
	EndGlobalSection
	GlobalSection(ExtensibilityGlobals) = postSolution
		SolutionGuid = {684D2C1C-4BA9-4D99-8CDC-9D06ACE1382D}
	EndGlobalSection
EndGlobal
